
Microsoft Visual Studio Solution File, Format Version 12.00
# Visual Studio Version 17
VisualStudioVersion = 17.11.35222.181
MinimumVisualStudioVersion = 10.0.40219.1
Project("{2150E333-8FDC-42A3-9474-1A3956D46DE8}") = "BackEnd", "BackEnd", "{11F9484F-0BB3-4A2B-A906-F19B54D2BE68}"
EndProject
Project("{2150E333-8FDC-42A3-9474-1A3956D46DE8}") = "UI", "UI", "{1DFECAA5-8077-45BF-95D3-B9C71B4BA26D}"
EndProject
Project("{2150E333-8FDC-42A3-9474-1A3956D46DE8}") = "UnitTest", "UnitTest", "{8C6F8FD2-876F-4D50-A062-5AD2B3DF4C5F}"
EndProject
Project("{FAE04EC0-301F-11D3-BF4B-00C04F79EFBC}") = "ePizzaHub.UI", "ePizzaHub.UI\ePizzaHub.UI.csproj", "{DD3CE9C5-80C8-4C74-833B-AA26D4921EB4}"
EndProject
Project("{2150E333-8FDC-42A3-9474-1A3956D46DE8}") = "API", "API", "{D7E05028-6882-463C-A1B8-9DEB1526958E}"
EndProject
Project("{2150E333-8FDC-42A3-9474-1A3956D46DE8}") = "Core", "Core", "{50B7E9D9-E0C4-406B-B685-F404D8396481}"
EndProject
Project("{2150E333-8FDC-42A3-9474-1A3956D46DE8}") = "Infra", "Infra", "{9F897C81-DEC6-4720-B7DA-1DCC420A6558}"
EndProject
Project("{FAE04EC0-301F-11D3-BF4B-00C04F79EFBC}") = "ePizzaHub.API", "ePizzaHub.API\ePizzaHub.API.csproj", "{7C0A19E5-88C0-41DB-933F-E361616D6FBC}"
EndProject
Project("{FAE04EC0-301F-11D3-BF4B-00C04F79EFBC}") = "ePizzaHub.Infra", "ePizzaHub.Infra\ePizzaHub.Infra.csproj", "{2825CAB3-853C-4AE1-9F7F-5B6CCCB54418}"
EndProject
Project("{FAE04EC0-301F-11D3-BF4B-00C04F79EFBC}") = "ePizzaHub.Core", "ePizzaHub.Core\ePizzaHub.Core.csproj", "{A6A69E16-A01C-4B58-84FE-84CC17B02EC6}"
EndProject
Project("{FAE04EC0-301F-11D3-BF4B-00C04F79EFBC}") = "ePizzaHub.Models", "ePizzaHub.Models\ePizzaHub.Models.csproj", "{F570D25C-BDD7-42D2-AC93-07CE8E56F999}"
EndProject
Project("{FAE04EC0-301F-11D3-BF4B-00C04F79EFBC}") = "ePizzaHub.Repositories", "ePizzaHub.Repositories\ePizzaHub.Repositories.csproj", "{E7CEE05B-6637-4443-8A73-BA67A51A0FF2}"
EndProject
Global
	GlobalSection(SolutionConfigurationPlatforms) = preSolution
		Debug|Any CPU = Debug|Any CPU
		Release|Any CPU = Release|Any CPU
	EndGlobalSection
	GlobalSection(ProjectConfigurationPlatforms) = postSolution
		{DD3CE9C5-80C8-4C74-833B-AA26D4921EB4}.Debug|Any CPU.ActiveCfg = Debug|Any CPU
		{DD3CE9C5-80C8-4C74-833B-AA26D4921EB4}.Debug|Any CPU.Build.0 = Debug|Any CPU
		{DD3CE9C5-80C8-4C74-833B-AA26D4921EB4}.Release|Any CPU.ActiveCfg = Release|Any CPU
		{DD3CE9C5-80C8-4C74-833B-AA26D4921EB4}.Release|Any CPU.Build.0 = Release|Any CPU
		{7C0A19E5-88C0-41DB-933F-E361616D6FBC}.Debug|Any CPU.ActiveCfg = Debug|Any CPU
		{7C0A19E5-88C0-41DB-933F-E361616D6FBC}.Debug|Any CPU.Build.0 = Debug|Any CPU
		{7C0A19E5-88C0-41DB-933F-E361616D6FBC}.Release|Any CPU.ActiveCfg = Release|Any CPU
		{7C0A19E5-88C0-41DB-933F-E361616D6FBC}.Release|Any CPU.Build.0 = Release|Any CPU
		{2825CAB3-853C-4AE1-9F7F-5B6CCCB54418}.Debug|Any CPU.ActiveCfg = Debug|Any CPU
		{2825CAB3-853C-4AE1-9F7F-5B6CCCB54418}.Debug|Any CPU.Build.0 = Debug|Any CPU
		{2825CAB3-853C-4AE1-9F7F-5B6CCCB54418}.Release|Any CPU.ActiveCfg = Release|Any CPU
		{2825CAB3-853C-4AE1-9F7F-5B6CCCB54418}.Release|Any CPU.Build.0 = Release|Any CPU
		{A6A69E16-A01C-4B58-84FE-84CC17B02EC6}.Debug|Any CPU.ActiveCfg = Debug|Any CPU
		{A6A69E16-A01C-4B58-84FE-84CC17B02EC6}.Debug|Any CPU.Build.0 = Debug|Any CPU
		{A6A69E16-A01C-4B58-84FE-84CC17B02EC6}.Release|Any CPU.ActiveCfg = Release|Any CPU
		{A6A69E16-A01C-4B58-84FE-84CC17B02EC6}.Release|Any CPU.Build.0 = Release|Any CPU
		{F570D25C-BDD7-42D2-AC93-07CE8E56F999}.Debug|Any CPU.ActiveCfg = Debug|Any CPU
		{F570D25C-BDD7-42D2-AC93-07CE8E56F999}.Debug|Any CPU.Build.0 = Debug|Any CPU
		{F570D25C-BDD7-42D2-AC93-07CE8E56F999}.Release|Any CPU.ActiveCfg = Release|Any CPU
		{F570D25C-BDD7-42D2-AC93-07CE8E56F999}.Release|Any CPU.Build.0 = Release|Any CPU
		{E7CEE05B-6637-4443-8A73-BA67A51A0FF2}.Debug|Any CPU.ActiveCfg = Debug|Any CPU
		{E7CEE05B-6637-4443-8A73-BA67A51A0FF2}.Debug|Any CPU.Build.0 = Debug|Any CPU
		{E7CEE05B-6637-4443-8A73-BA67A51A0FF2}.Release|Any CPU.ActiveCfg = Release|Any CPU
		{E7CEE05B-6637-4443-8A73-BA67A51A0FF2}.Release|Any CPU.Build.0 = Release|Any CPU
	EndGlobalSection
	GlobalSection(SolutionProperties) = preSolution
		HideSolutionNode = FALSE
	EndGlobalSection
	GlobalSection(NestedProjects) = preSolution
		{DD3CE9C5-80C8-4C74-833B-AA26D4921EB4} = {1DFECAA5-8077-45BF-95D3-B9C71B4BA26D}
		{D7E05028-6882-463C-A1B8-9DEB1526958E} = {11F9484F-0BB3-4A2B-A906-F19B54D2BE68}
		{50B7E9D9-E0C4-406B-B685-F404D8396481} = {11F9484F-0BB3-4A2B-A906-F19B54D2BE68}
		{9F897C81-DEC6-4720-B7DA-1DCC420A6558} = {11F9484F-0BB3-4A2B-A906-F19B54D2BE68}
		{7C0A19E5-88C0-41DB-933F-E361616D6FBC} = {D7E05028-6882-463C-A1B8-9DEB1526958E}
		{2825CAB3-853C-4AE1-9F7F-5B6CCCB54418} = {9F897C81-DEC6-4720-B7DA-1DCC420A6558}
		{A6A69E16-A01C-4B58-84FE-84CC17B02EC6} = {50B7E9D9-E0C4-406B-B685-F404D8396481}
		{F570D25C-BDD7-42D2-AC93-07CE8E56F999} = {50B7E9D9-E0C4-406B-B685-F404D8396481}
		{E7CEE05B-6637-4443-8A73-BA67A51A0FF2} = {9F897C81-DEC6-4720-B7DA-1DCC420A6558}
	EndGlobalSection
	GlobalSection(ExtensibilityGlobals) = postSolution
		SolutionGuid = {8C23064D-0C0D-4D4D-A466-704D71264AE5}
	EndGlobalSection
EndGlobal
